
Microsoft Visual Studio Solution File, Format Version 12.00
# Visual Studio 15
VisualStudioVersion = 15.0.27004.2005
MinimumVisualStudioVersion = 10.0.40219.1
Project("{FAE04EC0-301F-11D3-BF4B-00C04F79EFBC}") = "WPFApp", "WPFApp\WPFApp.csproj", "{310D763D-2D85-483F-86A6-C7B3111EF498}"
EndProject
Global
	GlobalSection(SolutionConfigurationPlatforms) = preSolution
		Debug|Any CPU = Debug|Any CPU
		Release|Any CPU = Release|Any CPU
	EndGlobalSection
	GlobalSection(ProjectConfigurationPlatforms) = postSolution
		{310D763D-2D85-483F-86A6-C7B3111EF498}.Debug|Any CPU.ActiveCfg = Debug|Any CPU
		{310D763D-2D85-483F-86A6-C7B3111EF498}.Debug|Any CPU.Build.0 = Debug|Any CPU
		{310D763D-2D85-483F-86A6-C7B3111EF498}.Release|Any CPU.ActiveCfg = Release|Any CPU
		{310D763D-2D85-483F-86A6-C7B3111EF498}.Release|Any CPU.Build.0 = Release|Any CPU
	EndGlobalSection
	GlobalSection(SolutionProperties) = preSolution
		HideSolutionNode = FALSE
	EndGlobalSection
	GlobalSection(ExtensibilityGlobals) = postSolution
		SolutionGuid = {DEB69525-B736-4C15-8987-15E098B17F67}
	EndGlobalSection
EndGlobal
